
Microsoft Visual Studio Solution File, Format Version 12.00
# Visual Studio Version 16
VisualStudioVersion = 16.0.30309.148
MinimumVisualStudioVersion = 10.0.40219.1
Project("{FAE04EC0-301F-11D3-BF4B-00C04F79EFBC}") = "Polimorfizam", "Polimorfizam\Polimorfizam.csproj", "{C0C77B2A-A580-4CDF-8562-9C2EBF071271}"
EndProject
Global
	GlobalSection(SolutionConfigurationPlatforms) = preSolution
		Debug|Any CPU = Debug|Any CPU
		Release|Any CPU = Release|Any CPU
	EndGlobalSection
	GlobalSection(ProjectConfigurationPlatforms) = postSolution
		{C0C77B2A-A580-4CDF-8562-9C2EBF071271}.Debug|Any CPU.ActiveCfg = Debug|Any CPU
		{C0C77B2A-A580-4CDF-8562-9C2EBF071271}.Debug|Any CPU.Build.0 = Debug|Any CPU
		{C0C77B2A-A580-4CDF-8562-9C2EBF071271}.Release|Any CPU.ActiveCfg = Release|Any CPU
		{C0C77B2A-A580-4CDF-8562-9C2EBF071271}.Release|Any CPU.Build.0 = Release|Any CPU
	EndGlobalSection
	GlobalSection(SolutionProperties) = preSolution
		HideSolutionNode = FALSE
	EndGlobalSection
	GlobalSection(ExtensibilityGlobals) = postSolution
		SolutionGuid = {BE91936A-AD60-4CCA-88B2-9F4C48102FD6}
	EndGlobalSection
EndGlobal
